{
  "version": 2,
  "dependencies": {
    "net10.0": {
      "Microsoft.NET.Test.Sdk": {
        "type": "Direct",
        "requested": "[18.10.0, )",
        "resolved": "18.10.0",
        "contentHash": "0CZZ688UBvpQFB9HKo7wrNJNVe+AOM4UtipgwpER3TTM+d2DDM6QyKkIJZTR3mpbn9/zFbZEtAgVIz4SPTjQZQ==",
        "dependencies": {
          "Microsoft.CodeCoverage": "18.10.0",
          "Microsoft.TestPlatform.TestHost": "18.10.0"
        }
      },
      "MSTest.TestAdapter": {
        "type": "Direct",
        "requested": "[4.4.1, )",
        "resolved": "4.4.1",
        "contentHash": "UmeQj3uPc+R/Vu1pEHN6ZLQAsUlzCx9BkGH6HOQLILQFjjsFELettj1naMKJhKYyouSXiZum3shUeAF4QqyixA==",
        "dependencies": {
          "MSTest.TestFramework": "4.4.1",
          "Microsoft.TestPlatform.ObjectModel": "18.9.0",
          "Microsoft.Testing.Extensions.Telemetry": "2.4.1",
          "Microsoft.Testing.Extensions.TrxReport.Abstractions": "2.4.1",
          "Microsoft.Testing.Platform.MSBuild": "2.4.1"
        }
      },
      "MSTest.TestFramework": {
        "type": "Direct",
        "requested": "[4.4.1, )",
        "resolved": "4.4.1",
        "contentHash": "zHyMqhT9A1qihb0S6qyFFEYze0GWC6FzkdoFqUYlSg89fIs/A/KQBWlkM0JNb43fKDskQU2OuFNKZFuXzRCvYg==",
        "dependencies": {
          "MSTest.Analyzers": "4.4.1"
        }
      },
      "Microsoft.ApplicationInsights": {
        "type": "Transitive",
        "resolved": "2.23.0",
        "contentHash": "nWArUZTdU7iqZLycLKWe0TDms48KKGE6pONH2terYNa8REXiqixrMOkf1sk5DHGMaUTqONU2YkS4SAXBhLStgw=="
      },
      "Microsoft.CodeCoverage": {
        "type": "Transitive",
        "resolved": "18.10.0",
        "contentHash": "zo1hqV+Nz6FlIwdc+aPfrvGzqfKAPPaZ6OPj1W8C0QQE2xH951AZwTUytL3K7XX8brVBUFd7MhrLDl3CtK3U/A=="
      },
      "Microsoft.Testing.Extensions.Telemetry": {
        "type": "Transitive",
        "resolved": "2.4.1",
        "contentHash": "C+bq5ydHrBNCDXjvFtRa1/JcAS2Wq2dpXOnzy/TFYC8qb1dDEgB1XhQayBaYE/5BKviikByHb7mth8P+qJaOJw==",
        "dependencies": {
          "Microsoft.ApplicationInsights": "2.23.0",
          "Microsoft.Testing.Platform": "[2.4.1, 3.0.0)"
        }
      },
      "Microsoft.Testing.Extensions.TrxReport.Abstractions": {
        "type": "Transitive",
        "resolved": "2.4.1",
        "contentHash": "tDxLLic2IfeChbyo8oeGZj/eBdFpPe3Dp80hUoIOefSCqqMHbsob+lX1TfFWV75PJCPouxj2zz0zzPHZxiM4nQ==",
        "dependencies": {
          "Microsoft.Testing.Platform": "[2.4.1, 3.0.0)"
        }
      },
      "Microsoft.Testing.Platform": {
        "type": "Transitive",
        "resolved": "2.4.1",
        "contentHash": "3nW9NyhN1BnHRF994DCOOUQCqVA9pDT+gPpbuhI/xUntZnGnXO4ySovKxFlFuoT/48pnI74LK/DeKVlve1L3VQ=="
      },
      "Microsoft.Testing.Platform.MSBuild": {
        "type": "Transitive",
        "resolved": "2.4.1",
        "contentHash": "K4W2hAATe9wA1xt4oEZWmUsnQqnLD5H18NXKsm81xclf9PI4AHieb3DxJpE/2uA6Xl9DtjpLXif7/9Sn8Y2y7w==",
        "dependencies": {
          "Microsoft.Testing.Platform": "[2.4.1, 3.0.0)"
        }
      },
      "Microsoft.TestPlatform.ObjectModel": {
        "type": "Transitive",
        "resolved": "18.10.0",
        "contentHash": "aXA7DDbnt6MYu3eLBEDksNdl09QxJ/PpMzrFcSxqEOk3RvRGJzhKI5mezVCEOcvveRhjfw/mvn6xVXC/rTaOog=="
      },
      "Microsoft.TestPlatform.TestHost": {
        "type": "Transitive",
        "resolved": "18.10.0",
        "contentHash": "Spu6C7bgz1PmWN+Y7wS0PfGCw9Kwv5RvJbCwyQaEWjcwpMire+qYMrcZ7qk8agjy6nd0sdHLc3ugCSrGuSbZdw==",
        "dependencies": {
          "Microsoft.TestPlatform.ObjectModel": "18.10.0"
        }
      },
      "MSTest.Analyzers": {
        "type": "Transitive",
        "resolved": "4.4.1",
        "contentHash": "Ccu+MKGCRCV2OauQjEIT0XeyP+AtOYyQNuhVI+yPUjJD6RQGi+lOkE8xz+gqe1IK3KiosQy7ZS+022tUTO4K1w=="
      },
      "causalia": {
        "type": "Project"
      },
      "causalia.aspnetcore": {
        "type": "Project",
        "dependencies": {
          "Causalia": "[2.1.1, )"
        }
      },
      "causalia.dapr": {
        "type": "Project",
        "dependencies": {
          "Causalia": "[2.1.1, )",
          "Causalia.AspNetCore": "[2.1.1, )",
          "Causalia.Storage": "[2.1.1, )"
        }
      },
      "causalia.grpc": {
        "type": "Project",
        "dependencies": {
          "Causalia": "[2.1.1, )"
        }
      },
      "causalia.kafka": {
        "type": "Project",
        "dependencies": {
          "Causalia": "[2.1.1, )"
        }
      },
      "causalia.rabbitmq": {
        "type": "Project",
        "dependencies": {
          "Causalia": "[2.1.1, )"
        }
      },
      "causalia.storage": {
        "type": "Project",
        "dependencies": {
          "Causalia": "[2.1.1, )"
        }
      }
    }
  }
}